github.com/kpango/fastime v1.0.3 h1:brY3CZK7gJR+FruoH0iorbjRfLWzOv3fLfSoWTYX6kA=
github.com/kpango/fastime v1.0.3/go.mod h1:Y5XY5bLG5yc7g2XmMUzc22XYV1XaH+KgUOHkDvLp4SA=
github.com/kpango/fastime v1.0.8/go.mod h1:Y5XY5bLG5yc7g2XmMUzc22XYV1XaH+KgUOHkDvLp4SA=
github.com/kpango/fastime v1.0.15/go.mod h1:lVqUTcXmQnk1wriyvq5DElbRSRDC0XtqbXQRdz0Eo+g=
github.com/kpango/fastime v1.0.16/go.mod h1:lVqUTcXmQnk1wriyvq5DElbRSRDC0XtqbXQRdz0Eo+g=
